// !$*UTF8*$!
{
	archiveVersion = 1;
	classes = {
	};
	objectVersion = 50;
	objects = {

/* Begin PBXBuildFile section */
		DC47973722D96B0B00FB16A3 /* AppDelegate.swift in Sources */ = {isa = PBXBuildFile; fileRef = DC47973622D96B0B00FB16A3 /* AppDelegate.swift */; };
		DC47973922D96B0B00FB16A3 /* DetailViewController.swift in Sources */ = {isa = PBXBuildFile; fileRef = DC47973822D96B0B00FB16A3 /* DetailViewController.swift */; };
		DC47973C22D96B0B00FB16A3 /* Main.storyboard in Resources */ = {isa = PBXBuildFile; fileRef = DC47973A22D96B0B00FB16A3 /* Main.storyboard */; };
		DC47973E22D96B0E00FB16A3 /* Assets.xcassets in Resources */ = {isa = PBXBuildFile; fileRef = DC47973D22D96B0E00FB16A3 /* Assets.xcassets */; };
		DC47974122D96B0E00FB16A3 /* LaunchScreen.storyboard in Resources */ = {isa = PBXBuildFile; fileRef = DC47973F22D96B0E00FB16A3 /* LaunchScreen.storyboard */; };
		DC47974922D96C4C00FB16A3 /* ToDoTableViewController.swift in Sources */ = {isa = PBXBuildFile; fileRef = DC47974822D96C4C00FB16A3 /* ToDoTableViewController.swift */; };
		DC47974B22D98E1900FB16A3 /* EditTodoTableViewController.swift in Sources */ = {isa = PBXBuildFile; fileRef = DC47974A22D98E1900FB16A3 /* EditTodoTableViewController.swift */; };
/* End PBXBuildFile section */

/* Begin PBXFileReference section */
		DC47973322D96B0B00FB16A3 /* swiftcrudapp.app */ = {isa = PBXFileReference; explicitFileType = wrapper.application; includeInIndex = 0; path = swiftcrudapp.app; sourceTree = BUILT_PRODUCTS_DIR; };
		DC47973622D96B0B00FB16A3 /* AppDelegate.swift */ = {isa = PBXFileReference; lastKnownFileType = sourcecode.swift; path = AppDelegate.swift; sourceTree = "<group>"; };
		DC47973822D96B0B00FB16A3 /* DetailViewController.swift */ = {isa = PBXFileReference; lastKnownFileType = sourcecode.swift; path = DetailViewController.swift; sourceTree = "<group>"; };
		DC47973B22D96B0B00FB16A3 /* Base */ = {isa = PBXFileReference; lastKnownFileType = file.storyboard; name = Base; path = Base.lproj/Main.storyboard; sourceTree = "<group>"; };
		DC47973D22D96B0E00FB16A3 /* Assets.xcassets */ = {isa = PBXFileReference; lastKnownFileType = folder.assetcatalog; path = Assets.xcassets; sourceTree = "<group>"; };
		DC47974022D96B0E00FB16A3 /* Base */ = {isa = PBXFileReference; lastKnownFileType = file.storyboard; name = Base; path = Base.lproj/LaunchScreen.storyboard; sourceTree = "<group>"; };
		DC47974222D96B0E00FB16A3 /* Info.plist */ = {isa = PBXFileReference; lastKnownFileType = text.plist.xml; path = Info.plist; sourceTree = "<group>"; };
		DC47974822D96C4C00FB16A3 /* ToDoTableViewController.swift */ = {isa = PBXFileReference; lastKnownFileType = sourcecode.swift; path = ToDoTableViewController.swift; sourceTree = "<group>"; };
		DC47974A22D98E1900FB16A3 /* EditTodoTableViewController.swift */ = {isa = PBXFileReference; lastKnownFileType = sourcecode.swift; path = EditTodoTableViewController.swift; sourceTree = "<group>"; };
/* End PBXFileReference section */

/* Begin PBXFrameworksBuildPhase section */
		DC47973022D96B0B00FB16A3 /* Frameworks */ = {
			isa = PBXFrameworksBuildPhase;
			buildActionMask = 2147483647;
			files = (
			);
			runOnlyForDeploymentPostprocessing = 0;
		};
/* End PBXFrameworksBuildPhase section */

/* Begin PBXGroup section */
		DC47972A22D96B0B00FB16A3 = {
			isa = PBXGroup;
			children = (
				DC47973522D96B0B00FB16A3 /* swiftcrudapp */,
				DC47973422D96B0B00FB16A3 /* Products */,
			);
			sourceTree = "<group>";
		};
		DC47973422D96B0B00FB16A3 /* Products */ = {
			isa = PBXGroup;
			children = (
				DC47973322D96B0B00FB16A3 /* swiftcrudapp.app */,
			);
			name = Products;
			sourceTree = "<group>";
		};
		DC47973522D96B0B00FB16A3 /* swiftcrudapp */ = {
			isa = PBXGroup;
			children = (
				DC47973622D96B0B00FB16A3 /* AppDelegate.swift */,
				DC47973822D96B0B00FB16A3 /* DetailViewController.swift */,
				DC47973A22D96B0B00FB16A3 /* Main.storyboard */,
				DC47974A22D98E1900FB16A3 /* EditTodoTableViewController.swift */,
				DC47974822D96C4C00FB16A3 /* ToDoTableViewController.swift */,
				DC47973D22D96B0E00FB16A3 /* Assets.xcassets */,
				DC47973F22D96B0E00FB16A3 /* LaunchScreen.storyboard */,
				DC47974222D96B0E00FB16A3 /* Info.plist */,
			);
			path = swiftcrudapp;
			sourceTree = "<group>";
		};
/* End PBXGroup section */

/* Begin PBXNativeTarget section */
		DC47973222D96B0B00FB16A3 /* swiftcrudapp */ = {
			isa = PBXNativeTarget;
			buildConfigurationList = DC47974522D96B0E00FB16A3 /* Build configuration list for PBXNativeTarget "swiftcrudapp" */;
			buildPhases = (
				DC47972F22D96B0B00FB16A3 /* Sources */,
				DC47973022D96B0B00FB16A3 /* Frameworks */,
				DC47973122D96B0B00FB16A3 /* Resources */,
			);
			buildRules = (
			);
			dependencies = (
			);
			name = swiftcrudapp;
			productName = swiftcrudapp;
			productReference = DC47973322D96B0B00FB16A3 /* swiftcrudapp.app */;
			productType = "com.apple.product-type.application";
		};
/* End PBXNativeTarget section */

/* Begin PBXProject section */
		DC47972B22D96B0B00FB16A3 /* Project object */ = {
			isa = PBXProject;
			attributes = {
				LastSwiftUpdateCheck = 1020;
				LastUpgradeCheck = 1020;
				ORGANIZATIONNAME = Faith;
				TargetAttributes = {
					DC47973222D96B0B00FB16A3 = {
						CreatedOnToolsVersion = 10.2.1;
					};
				};
			};
			buildConfigurationList = DC47972E22D96B0B00FB16A3 /* Build configuration list for PBXProject "swiftcrudapp" */;
			compatibilityVersion = "Xcode 9.3";
			developmentRegion = en;
			hasScannedForEncodings = 0;
			knownRegions = (
				en,
				Base,
			);
			mainGroup = DC47972A22D96B0B00FB16A3;
			productRefGroup = DC47973422D96B0B00FB16A3 /* Products */;
			projectDirPath = "";
			projectRoot = "";
			targets = (
				DC47973222D96B0B00FB16A3 /* swiftcrudapp */,
			);
		};
/* End PBXProject section */

/* Begin PBXResourcesBuildPhase section */
		DC47973122D96B0B00FB16A3 /* Resources */ = {
			isa = PBXResourcesBuildPhase;
			buildActionMask = 2147483647;
			files = (
				DC47974122D96B0E00FB16A3 /* LaunchScreen.storyboard in Resources */,
				DC47973E22D96B0E00FB16A3 /* Assets.xcassets in Resources */,
				DC47973C22D96B0B00FB16A3 /* Main.storyboard in Resources */,
			);
			runOnlyForDeploymentPostprocessing = 0;
		};
/* End PBXResourcesBuildPhase section */

/* Begin PBXSourcesBuildPhase section */
		DC47972F22D96B0B00FB16A3 /* Sources */ = {
			isa = PBXSourcesBuildPhase;
			buildActionMask = 2147483647;
			files = (
				DC47973922D96B0B00FB16A3 /* DetailViewController.swift in Sources */,
				DC47974B22D98E1900FB16A3 /* EditTodoTableViewController.swift in Sources */,
				DC47974922D96C4C00FB16A3 /* ToDoTableViewController.swift in Sources */,
				DC47973722D96B0B00FB16A3 /* AppDelegate.swift in Sources */,
			);
			runOnlyForDeploymentPostprocessing = 0;
		};
/* End PBXSourcesBuildPhase section */

/* Begin PBXVariantGroup section */
		DC47973A22D96B0B00FB16A3 /* Main.storyboard */ = {
			isa = PBXVariantGroup;
			children = (
				DC47973B22D96B0B00FB16A3 /* Base */,
			);
			name = Main.storyboard;
			sourceTree = "<group>";
		};
		DC47973F22D96B0E00FB16A3 /* LaunchScreen.storyboard */ = {
			isa = PBXVariantGroup;
			children = (
				DC47974022D96B0E00FB16A3 /* Base */,
			);
			name = LaunchScreen.storyboard;
			sourceTree = "<group>";
		};
/* End PBXVariantGroup section */

/* Begin XCBuildConfiguration section */
		DC47974322D96B0E00FB16A3 /* Debug */ = {
			isa = XCBuildConfiguration;
			buildSettings = {
				ALWAYS_SEARCH_USER_PATHS = NO;
				CLANG_ANALYZER_NONNULL = YES;
				CLANG_ANALYZER_NUMBER_OBJECT_CONVERSION = YES_AGGRESSIVE;
				CLANG_CXX_LANGUAGE_STANDARD = "gnu++14";
				CLANG_CXX_LIBRARY = "libc++";
				CLANG_ENABLE_MODULES = YES;
				CLANG_ENABLE_OBJC_ARC = YES;
				CLANG_ENABLE_OBJC_WEAK = YES;
				CLANG_WARN_BLOCK_CAPTURE_AUTORELEASING = YES;
				CLANG_WARN_BOOL_CONVERSION = YES;
				CLANG_WARN_COMMA = YES;
				CLANG_WARN_CONSTANT_CONVERSION = YES;
				CLANG_WARN_DEPRECATED_OBJC_IMPLEMENTATIONS = YES;
				CLANG_WARN_DIRECT_OBJC_ISA_USAGE = YES_ERROR;
				CLANG_WARN_DOCUMENTATION_COMMENTS = YES;
				CLANG_WARN_EMPTY_BODY = YES;
				CLANG_WARN_ENUM_CONVERSION = YES;
				CLANG_WARN_INFINITE_RECURSION = YES;
				CLANG_WARN_INT_CONVERSION = YES;
				CLANG_WARN_NON_LITERAL_NULL_CONVERSION = YES;
				CLANG_WARN_OBJC_IMPLICIT_RETAIN_SELF = YES;
				CLANG_WARN_OBJC_LITERAL_CONVERSION = YES;
				CLANG_WARN_OBJC_ROOT_CLASS = YES_ERROR;
				CLANG_WARN_RANGE_LOOP_ANALYSIS = YES;
				CLANG_WARN_STRICT_PROTOTYPES = YES;
				CLANG_WARN_SUSPICIOUS_MOVE = YES;
				CLANG_WARN_UNGUARDED_AVAILABILITY = YES_AGGRESSIVE;
				CLANG_WARN_UNREACHABLE_CODE = YES;
				CLANG_WARN__DUPLICATE_METHOD_MATCH = YES;
				CODE_SIGN_IDENTITY = "iPhone Developer";
				COPY_PHASE_STRIP = NO;
				DEBUG_INFORMATION_FORMAT = dwarf;
				ENABLE_STRICT_OBJC_MSGSEND = YES;
				ENABLE_TESTABILITY = YES;
				GCC_C_LANGUAGE_STANDARD = gnu11;
				GCC_DYNAMIC_NO_PIC = NO;
				GCC_NO_COMMON_BLOCKS = YES;
				GCC_OPTIMIZATION_LEVEL = 0;
				GCC_PREPROCESSOR_DEFINITIONS = (
					"DEBUG=1",
					"$(inherited)",
				);
				GCC_WARN_64_TO_32_BIT_CONVERSION = YES;
				GCC_WARN_ABOUT_RETURN_TYPE = YES_ERROR;
				GCC_WARN_UNDECLARED_SELECTOR = YES;
				GCC_WARN_UNINITIALIZED_AUTOS = YES_AGGRESSIVE;
				GCC_WARN_UNUSED_FUNCTION = YES;
				GCC_WARN_UNUSED_VARIABLE = YES;
				IPHONEOS_DEPLOYMENT_TARGET = 12.2;
				MTL_ENABLE_DEBUG_INFO = INCLUDE_SOURCE;
				MTL_FAST_MATH = YES;
				ONLY_ACTIVE_ARCH = YES;
				SDKROOT = iphoneos;
				SWIFT_ACTIVE_COMPILATION_CONDITIONS = DEBUG;
				SWIFT_OPTIMIZATION_LEVEL = "-Onone";
			};
			name = Debug;
		};
		DC47974422D96B0E00FB16A3 /* Release */ = {
			isa = XCBuildConfiguration;
			buildSettings = {
				ALWAYS_SEARCH_USER_PATHS = NO;
				CLANG_ANALYZER_NONNULL = YES;
				CLANG_ANALYZER_NUMBER_OBJECT_CONVERSION = YES_AGGRESSIVE;
				CLANG_CXX_LANGUAGE_STANDARD = "gnu++14";
				CLANG_CXX_LIBRARY = "libc++";
				CLANG_ENABLE_MODULES = YES;
				CLANG_ENABLE_OBJC_ARC = YES;
				CLANG_ENABLE_OBJC_WEAK = YES;
				CLANG_WARN_BLOCK_CAPTURE_AUTORELEASING = YES;
				CLANG_WARN_BOOL_CONVERSION = YES;
				CLANG_WARN_COMMA = YES;
				CLANG_WARN_CONSTANT_CONVERSION = YES;
				CLANG_WARN_DEPRECATED_OBJC_IMPLEMENTATIONS = YES;
				CLANG_WARN_DIRECT_OBJC_ISA_USAGE = YES_ERROR;
				CLANG_WARN_DOCUMENTATION_COMMENTS = YES;
				CLANG_WARN_EMPTY_BODY = YES;
				CLANG_WARN_ENUM_CONVERSION = YES;
				CLANG_WARN_INFINITE_RECURSION = YES;
				CLANG_WARN_INT_CONVERSION = YES;
				CLANG_WARN_NON_LITERAL_NULL_CONVERSION = YES;
				CLANG_WARN_OBJC_IMPLICIT_RETAIN_SELF = YES;
				CLANG_WARN_OBJC_LITERAL_CONVERSION = YES;
				CLANG_WARN_OBJC_ROOT_CLASS = YES_ERROR;
				CLANG_WARN_RANGE_LOOP_ANALYSIS = YES;
				CLANG_WARN_STRICT_PROTOTYPES = YES;
				CLANG_WARN_SUSPICIOUS_MOVE = YES;
				CLANG_WARN_UNGUARDED_AVAILABILITY = YES_AGGRESSIVE;
				CLANG_WARN_UNREACHABLE_CODE = YES;
				CLANG_WARN__DUPLICATE_METHOD_MATCH = YES;
				CODE_SIGN_IDENTITY = "iPhone Developer";
				COPY_PHASE_STRIP = NO;
				DEBUG_INFORMATION_FORMAT = "dwarf-with-dsym";
				ENABLE_NS_ASSERTIONS = NO;
				ENABLE_STRICT_OBJC_MSGSEND = YES;
				GCC_C_LANGUAGE_STANDARD = gnu11;
				GCC_NO_COMMON_BLOCKS = YES;
				GCC_WARN_64_TO_32_BIT_CONVERSION = YES;
				GCC_WARN_ABOUT_RETURN_TYPE = YES_ERROR;
				GCC_WARN_UNDECLARED_SELECTOR = YES;
				GCC_WARN_UNINITIALIZED_AUTOS = YES_AGGRESSIVE;
				GCC_WARN_UNUSED_FUNCTION = YES;
				GCC_WARN_UNUSED_VARIABLE = YES;
				IPHONEOS_DEPLOYMENT_TARGET = 12.2;
				MTL_ENABLE_DEBUG_INFO = NO;
				MTL_FAST_MATH = YES;
				SDKROOT = iphoneos;
				SWIFT_COMPILATION_MODE = wholemodule;
				SWIFT_OPTIMIZATION_LEVEL = "-O";
				VALIDATE_PRODUCT = YES;
			};
			name = Release;
		};
		DC47974622D96B0E00FB16A3 /* Debug */ = {
			isa = XCBuildConfiguration;
			buildSettings = {
				ASSETCATALOG_COMPILER_APPICON_NAME = AppIcon;
				CODE_SIGN_STYLE = Automatic;
				DEVELOPMENT_TEAM = 34S7C8WX5K;
				INFOPLIST_FILE = swiftcrudapp/Info.plist;
				LD_RUNPATH_SEARCH_PATHS = (
					"$(inherited)",
					"@executable_path/Frameworks",
				);
				PRODUCT_BUNDLE_IDENTIFIER = com.example.swiftcrudapp;
				PRODUCT_NAME = "$(TARGET_NAME)";
				SWIFT_VERSION = 5.0;
				TARGETED_DEVICE_FAMILY = "1,2";
			};
			name = Debug;
		};
		DC47974722D96B0E00FB16A3 /* Release */ = {
			isa = XCBuildConfiguration;
			buildSettings = {
				ASSETCATALOG_COMPILER_APPICON_NAME = AppIcon;
				CODE_SIGN_STYLE = Automatic;
				DEVELOPMENT_TEAM = 34S7C8WX5K;
				INFOPLIST_FILE = swiftcrudapp/Info.plist;
				LD_RUNPATH_SEARCH_PATHS = (
					"$(inherited)",
					"@executable_path/Frameworks",
				);
				PRODUCT_BUNDLE_IDENTIFIER = com.example.swiftcrudapp;
				PRODUCT_NAME = "$(TARGET_NAME)";
				SWIFT_VERSION = 5.0;
				TARGETED_DEVICE_FAMILY = "1,2";
			};
			name = Release;
		};
/* End XCBuildConfiguration section */

/* Begin XCConfigurationList section */
		DC47972E22D96B0B00FB16A3 /* Build configuration list for PBXProject "swiftcrudapp" */ = {
			isa = XCConfigurationList;
			buildConfigurations = (
				DC47974322D96B0E00FB16A3 /* Debug */,
				DC47974422D96B0E00FB16A3 /* Release */,
			);
			defaultConfigurationIsVisible = 0;
			defaultConfigurationName = Release;
		};
		DC47974522D96B0E00FB16A3 /* Build configuration list for PBXNativeTarget "swiftcrudapp" */ = {
			isa = XCConfigurationList;
			buildConfigurations = (
				DC47974622D96B0E00FB16A3 /* Debug */,
				DC47974722D96B0E00FB16A3 /* Release */,
			);
			defaultConfigurationIsVisible = 0;
			defaultConfigurationName = Release;
		};
/* End XCConfigurationList section */
	};
	rootObject = DC47972B22D96B0B00FB16A3 /* Project object */;
}
